
Microsoft Visual Studio Solution File, Format Version 12.00
# Visual Studio 15
VisualStudioVersion = 15.0.28010.0
MinimumVisualStudioVersion = 10.0.40219.1
Project("{FAE04EC0-301F-11D3-BF4B-00C04F79EFBC}") = "CreditAppBMG", "CreditAppBMG\CreditAppBMG.csproj", "{165D1DFD-5AB4-4660-9250-D0AB0D4087F4}"
EndProject
Global
	GlobalSection(SolutionConfigurationPlatforms) = preSolution
		Debug|Any CPU = Debug|Any CPU
		Release|Any CPU = Release|Any CPU
	EndGlobalSection
	GlobalSection(ProjectConfigurationPlatforms) = postSolution
		{165D1DFD-5AB4-4660-9250-D0AB0D4087F4}.Debug|Any CPU.ActiveCfg = Debug|Any CPU
		{165D1DFD-5AB4-4660-9250-D0AB0D4087F4}.Debug|Any CPU.Build.0 = Debug|Any CPU
		{165D1DFD-5AB4-4660-9250-D0AB0D4087F4}.Release|Any CPU.ActiveCfg = Release|Any CPU
		{165D1DFD-5AB4-4660-9250-D0AB0D4087F4}.Release|Any CPU.Build.0 = Release|Any CPU
	EndGlobalSection
	GlobalSection(SolutionProperties) = preSolution
		HideSolutionNode = FALSE
	EndGlobalSection
	GlobalSection(ExtensibilityGlobals) = postSolution
		SolutionGuid = {A53976D7-2C20-427E-A9F1-DB029FD1521F}
	EndGlobalSection
EndGlobal
